<Solution>
  <Project Path="DocumentScanner.Maui.SampleApp/DocumentScanner.Maui.SampleApp.csproj" Id="7b8b1733-96d2-4efb-9477-a19d9845d047">
    <Deploy Solution="Debug|*" />
  </Project>
  <Project Path="src/DocumentScanner/DocumentScanner.csproj" />
  <Project Path="TestConsoleApp/TestConsoleApp.csproj" Id="f9fd3679-dfc9-4523-9738-7b888024b435" />
</Solution>
